// !$*UTF8*$!
{
	archiveVersion = 1;
	classes = {
	};
	objectVersion = 46;
	objects = {

/* Begin PBXBuildFile section */
		4C2E63F11EBAC51200CCF1C9 /* AddGestureViewController.m in Sources */ = {isa = PBXBuildFile; fileRef = 4C2E63EF1EBAC51200CCF1C9 /* AddGestureViewController.m */; };
		4C2E63F51EBB051800CCF1C9 /* KLGestureRecoginzer+ArchiveTemplates.m in Sources */ = {isa = PBXBuildFile; fileRef = 4C2E63F41EBB051800CCF1C9 /* KLGestureRecoginzer+ArchiveTemplates.m */; };
		4C2E63F81EBB0AAF00CCF1C9 /* AddGestureView.m in Sources */ = {isa = PBXBuildFile; fileRef = 4C2E63F71EBB0AAF00CCF1C9 /* AddGestureView.m */; };
		4C31769B1EACDE610029C563 /* main.m in Sources */ = {isa = PBXBuildFile; fileRef = 4C31769A1EACDE610029C563 /* main.m */; };
		4C31769E1EACDE610029C563 /* AppDelegate.m in Sources */ = {isa = PBXBuildFile; fileRef = 4C31769D1EACDE610029C563 /* AppDelegate.m */; };
		4C3176A11EACDE610029C563 /* ViewController.m in Sources */ = {isa = PBXBuildFile; fileRef = 4C3176A01EACDE610029C563 /* ViewController.m */; };
		4C3176A41EACDE610029C563 /* Main.storyboard in Resources */ = {isa = PBXBuildFile; fileRef = 4C3176A21EACDE610029C563 /* Main.storyboard */; };
		4C3176A61EACDE610029C563 /* Assets.xcassets in Resources */ = {isa = PBXBuildFile; fileRef = 4C3176A51EACDE610029C563 /* Assets.xcassets */; };
		4C3176A91EACDE610029C563 /* LaunchScreen.storyboard in Resources */ = {isa = PBXBuildFile; fileRef = 4C3176A71EACDE610029C563 /* LaunchScreen.storyboard */; };
		4C3176B21EADA2BB0029C563 /* GestureView.m in Sources */ = {isa = PBXBuildFile; fileRef = 4C3176B11EADA2BB0029C563 /* GestureView.m */; };
		4C3176B61EADA3DC0029C563 /* KLGestureRecoginzer.m in Sources */ = {isa = PBXBuildFile; fileRef = 4C3176B51EADA3DC0029C563 /* KLGestureRecoginzer.m */; };
		4C3362A11EB09154003D893D /* DataModel.m in Sources */ = {isa = PBXBuildFile; fileRef = 4C3362A01EB09154003D893D /* DataModel.m */; };
		4C6205621ED088070062AECC /* YTAnimation.m in Sources */ = {isa = PBXBuildFile; fileRef = 4C6205611ED088070062AECC /* YTAnimation.m */; };
		4CF063681EC0168E00E048C4 /* Template.m in Sources */ = {isa = PBXBuildFile; fileRef = 4CF063671EC0168E00E048C4 /* Template.m */; };
		4CF0636D1EC1A8CF00E048C4 /* TemplatesViewController.m in Sources */ = {isa = PBXBuildFile; fileRef = 4CF0636B1EC1A8CF00E048C4 /* TemplatesViewController.m */; };
		4CF063741EC59F0E00E048C4 /* CollectionViewCell.m in Sources */ = {isa = PBXBuildFile; fileRef = 4CF063721EC59F0E00E048C4 /* CollectionViewCell.m */; };
		4CF063751EC59F0E00E048C4 /* CollectionViewCell.xib in Resources */ = {isa = PBXBuildFile; fileRef = 4CF063731EC59F0E00E048C4 /* CollectionViewCell.xib */; };
		6BC9A3FFCC0768CB4FCCCCF9 /* Pods.framework in Frameworks */ = {isa = PBXBuildFile; fileRef = BA67621067B2711B68F79E2E /* Pods.framework */; };
/* End PBXBuildFile section */

/* Begin PBXFileReference section */
		13BEA2E1A2A694C2561FB20D /* Pods.debug.xcconfig */ = {isa = PBXFileReference; includeInIndex = 1; lastKnownFileType = text.xcconfig; name = Pods.debug.xcconfig; path = "Pods/Target Support Files/Pods/Pods.debug.xcconfig"; sourceTree = "<group>"; };
		23542580A18C753BE627058F /* Pods.release.xcconfig */ = {isa = PBXFileReference; includeInIndex = 1; lastKnownFileType = text.xcconfig; name = Pods.release.xcconfig; path = "Pods/Target Support Files/Pods/Pods.release.xcconfig"; sourceTree = "<group>"; };
		4C2E63EE1EBAC51200CCF1C9 /* AddGestureViewController.h */ = {isa = PBXFileReference; fileEncoding = 4; lastKnownFileType = sourcecode.c.h; path = AddGestureViewController.h; sourceTree = "<group>"; };
		4C2E63EF1EBAC51200CCF1C9 /* AddGestureViewController.m */ = {isa = PBXFileReference; fileEncoding = 4; lastKnownFileType = sourcecode.c.objc; path = AddGestureViewController.m; sourceTree = "<group>"; };
		4C2E63F31EBB051800CCF1C9 /* KLGestureRecoginzer+ArchiveTemplates.h */ = {isa = PBXFileReference; fileEncoding = 4; lastKnownFileType = sourcecode.c.h; path = "KLGestureRecoginzer+ArchiveTemplates.h"; sourceTree = "<group>"; };
		4C2E63F41EBB051800CCF1C9 /* KLGestureRecoginzer+ArchiveTemplates.m */ = {isa = PBXFileReference; fileEncoding = 4; lastKnownFileType = sourcecode.c.objc; path = "KLGestureRecoginzer+ArchiveTemplates.m"; sourceTree = "<group>"; };
		4C2E63F61EBB0AAF00CCF1C9 /* AddGestureView.h */ = {isa = PBXFileReference; fileEncoding = 4; lastKnownFileType = sourcecode.c.h; path = AddGestureView.h; sourceTree = "<group>"; };
		4C2E63F71EBB0AAF00CCF1C9 /* AddGestureView.m */ = {isa = PBXFileReference; fileEncoding = 4; lastKnownFileType = sourcecode.c.objc; path = AddGestureView.m; sourceTree = "<group>"; };
		4C3176961EACDE600029C563 /* CallHoney.app */ = {isa = PBXFileReference; explicitFileType = wrapper.application; includeInIndex = 0; path = CallHoney.app; sourceTree = BUILT_PRODUCTS_DIR; };
		4C31769A1EACDE610029C563 /* main.m */ = {isa = PBXFileReference; lastKnownFileType = sourcecode.c.objc; path = main.m; sourceTree = "<group>"; };
		4C31769C1EACDE610029C563 /* AppDelegate.h */ = {isa = PBXFileReference; lastKnownFileType = sourcecode.c.h; path = AppDelegate.h; sourceTree = "<group>"; };
		4C31769D1EACDE610029C563 /* AppDelegate.m */ = {isa = PBXFileReference; lastKnownFileType = sourcecode.c.objc; path = AppDelegate.m; sourceTree = "<group>"; };
		4C31769F1EACDE610029C563 /* ViewController.h */ = {isa = PBXFileReference; lastKnownFileType = sourcecode.c.h; path = ViewController.h; sourceTree = "<group>"; };
		4C3176A01EACDE610029C563 /* ViewController.m */ = {isa = PBXFileReference; lastKnownFileType = sourcecode.c.objc; path = ViewController.m; sourceTree = "<group>"; };
		4C3176A31EACDE610029C563 /* Base */ = {isa = PBXFileReference; lastKnownFileType = file.storyboard; name = Base; path = Base.lproj/Main.storyboard; sourceTree = "<group>"; };
		4C3176A51EACDE610029C563 /* Assets.xcassets */ = {isa = PBXFileReference; lastKnownFileType = folder.assetcatalog; path = Assets.xcassets; sourceTree = "<group>"; };
		4C3176A81EACDE610029C563 /* Base */ = {isa = PBXFileReference; lastKnownFileType = file.storyboard; name = Base; path = Base.lproj/LaunchScreen.storyboard; sourceTree = "<group>"; };
		4C3176AA1EACDE610029C563 /* Info.plist */ = {isa = PBXFileReference; lastKnownFileType = text.plist.xml; path = Info.plist; sourceTree = "<group>"; };
		4C3176B01EADA2BB0029C563 /* GestureView.h */ = {isa = PBXFileReference; fileEncoding = 4; lastKnownFileType = sourcecode.c.h; path = GestureView.h; sourceTree = "<group>"; };
		4C3176B11EADA2BB0029C563 /* GestureView.m */ = {isa = PBXFileReference; fileEncoding = 4; lastKnownFileType = sourcecode.c.objc; path = GestureView.m; sourceTree = "<group>"; };
		4C3176B41EADA3DC0029C563 /* KLGestureRecoginzer.h */ = {isa = PBXFileReference; fileEncoding = 4; lastKnownFileType = sourcecode.c.h; path = KLGestureRecoginzer.h; sourceTree = "<group>"; };
		4C3176B51EADA3DC0029C563 /* KLGestureRecoginzer.m */ = {isa = PBXFileReference; fileEncoding = 4; lastKnownFileType = sourcecode.c.objc; path = KLGestureRecoginzer.m; sourceTree = "<group>"; };
		4C33629F1EB09154003D893D /* DataModel.h */ = {isa = PBXFileReference; fileEncoding = 4; lastKnownFileType = sourcecode.c.h; path = DataModel.h; sourceTree = "<group>"; };
		4C3362A01EB09154003D893D /* DataModel.m */ = {isa = PBXFileReference; fileEncoding = 4; lastKnownFileType = sourcecode.c.objc; path = DataModel.m; sourceTree = "<group>"; };
		4C6205601ED088070062AECC /* YTAnimation.h */ = {isa = PBXFileReference; fileEncoding = 4; lastKnownFileType = sourcecode.c.h; path = YTAnimation.h; sourceTree = "<group>"; };
		4C6205611ED088070062AECC /* YTAnimation.m */ = {isa = PBXFileReference; fileEncoding = 4; lastKnownFileType = sourcecode.c.objc; path = YTAnimation.m; sourceTree = "<group>"; };
		4CF063661EC0168E00E048C4 /* Template.h */ = {isa = PBXFileReference; fileEncoding = 4; lastKnownFileType = sourcecode.c.h; path = Template.h; sourceTree = "<group>"; };
		4CF063671EC0168E00E048C4 /* Template.m */ = {isa = PBXFileReference; fileEncoding = 4; lastKnownFileType = sourcecode.c.objc; path = Template.m; sourceTree = "<group>"; };
		4CF0636A1EC1A8CF00E048C4 /* TemplatesViewController.h */ = {isa = PBXFileReference; fileEncoding = 4; lastKnownFileType = sourcecode.c.h; path = TemplatesViewController.h; sourceTree = "<group>"; };
		4CF0636B1EC1A8CF00E048C4 /* TemplatesViewController.m */ = {isa = PBXFileReference; fileEncoding = 4; lastKnownFileType = sourcecode.c.objc; path = TemplatesViewController.m; sourceTree = "<group>"; };
		4CF063711EC59F0E00E048C4 /* CollectionViewCell.h */ = {isa = PBXFileReference; fileEncoding = 4; lastKnownFileType = sourcecode.c.h; path = CollectionViewCell.h; sourceTree = "<group>"; };
		4CF063721EC59F0E00E048C4 /* CollectionViewCell.m */ = {isa = PBXFileReference; fileEncoding = 4; lastKnownFileType = sourcecode.c.objc; path = CollectionViewCell.m; sourceTree = "<group>"; };
		4CF063731EC59F0E00E048C4 /* CollectionViewCell.xib */ = {isa = PBXFileReference; fileEncoding = 4; lastKnownFileType = file.xib; path = CollectionViewCell.xib; sourceTree = "<group>"; };
		BA67621067B2711B68F79E2E /* Pods.framework */ = {isa = PBXFileReference; explicitFileType = wrapper.framework; includeInIndex = 0; path = Pods.framework; sourceTree = BUILT_PRODUCTS_DIR; };
/* End PBXFileReference section */

/* Begin PBXFrameworksBuildPhase section */
		4C3176931EACDE600029C563 /* Frameworks */ = {
			isa = PBXFrameworksBuildPhase;
			buildActionMask = 2147483647;
			files = (
				6BC9A3FFCC0768CB4FCCCCF9 /* Pods.framework in Frameworks */,
			);
			runOnlyForDeploymentPostprocessing = 0;
		};
/* End PBXFrameworksBuildPhase section */

/* Begin PBXGroup section */
		219D5F0A8DD8D56AA31F6339 /* Pods */ = {
			isa = PBXGroup;
			children = (
				13BEA2E1A2A694C2561FB20D /* Pods.debug.xcconfig */,
				23542580A18C753BE627058F /* Pods.release.xcconfig */,
			);
			name = Pods;
			sourceTree = "<group>";
		};
		4C2E63F91EBB1E6100CCF1C9 /* Controller */ = {
			isa = PBXGroup;
			children = (
				4C31769F1EACDE610029C563 /* ViewController.h */,
				4C3176A01EACDE610029C563 /* ViewController.m */,
				4C2E63EE1EBAC51200CCF1C9 /* AddGestureViewController.h */,
				4C2E63EF1EBAC51200CCF1C9 /* AddGestureViewController.m */,
				4CF0636A1EC1A8CF00E048C4 /* TemplatesViewController.h */,
				4CF0636B1EC1A8CF00E048C4 /* TemplatesViewController.m */,
			);
			name = Controller;
			sourceTree = "<group>";
		};
		4C2E63FB1EBB1E8200CCF1C9 /* View */ = {
			isa = PBXGroup;
			children = (
				4C3176B01EADA2BB0029C563 /* GestureView.h */,
				4C3176B11EADA2BB0029C563 /* GestureView.m */,
				4C2E63F61EBB0AAF00CCF1C9 /* AddGestureView.h */,
				4C2E63F71EBB0AAF00CCF1C9 /* AddGestureView.m */,
				4CF063711EC59F0E00E048C4 /* CollectionViewCell.h */,
				4CF063721EC59F0E00E048C4 /* CollectionViewCell.m */,
				4CF063731EC59F0E00E048C4 /* CollectionViewCell.xib */,
			);
			name = View;
			sourceTree = "<group>";
		};
		4C31768D1EACDE600029C563 = {
			isa = PBXGroup;
			children = (
				4C3176981EACDE600029C563 /* CallHoney */,
				4C3176971EACDE600029C563 /* Products */,
				219D5F0A8DD8D56AA31F6339 /* Pods */,
				D01939B089868BC5C357AC78 /* Frameworks */,
			);
			sourceTree = "<group>";
		};
		4C3176971EACDE600029C563 /* Products */ = {
			isa = PBXGroup;
			children = (
				4C3176961EACDE600029C563 /* CallHoney.app */,
			);
			name = Products;
			sourceTree = "<group>";
		};
		4C3176981EACDE600029C563 /* CallHoney */ = {
			isa = PBXGroup;
			children = (
				4C3176B31EADA3B30029C563 /* GestureRecognizer */,
				4C2E63F91EBB1E6100CCF1C9 /* Controller */,
				4C2E63FB1EBB1E8200CCF1C9 /* View */,
				4CF063701EC4142600E048C4 /* Model */,
				4C3176991EACDE600029C563 /* Supporting Files */,
			);
			path = CallHoney;
			sourceTree = "<group>";
		};
		4C3176991EACDE600029C563 /* Supporting Files */ = {
			isa = PBXGroup;
			children = (
				4C31769C1EACDE610029C563 /* AppDelegate.h */,
				4C31769D1EACDE610029C563 /* AppDelegate.m */,
				4C3176A21EACDE610029C563 /* Main.storyboard */,
				4C3176A51EACDE610029C563 /* Assets.xcassets */,
				4C3176A71EACDE610029C563 /* LaunchScreen.storyboard */,
				4C3176AA1EACDE610029C563 /* Info.plist */,
				4C31769A1EACDE610029C563 /* main.m */,
			);
			name = "Supporting Files";
			sourceTree = "<group>";
		};
		4C3176B31EADA3B30029C563 /* GestureRecognizer */ = {
			isa = PBXGroup;
			children = (
				4C3176B41EADA3DC0029C563 /* KLGestureRecoginzer.h */,
				4C3176B51EADA3DC0029C563 /* KLGestureRecoginzer.m */,
				4C2E63F31EBB051800CCF1C9 /* KLGestureRecoginzer+ArchiveTemplates.h */,
				4C2E63F41EBB051800CCF1C9 /* KLGestureRecoginzer+ArchiveTemplates.m */,
			);
			path = GestureRecognizer;
			sourceTree = "<group>";
		};
		4CF063701EC4142600E048C4 /* Model */ = {
			isa = PBXGroup;
			children = (
				4C6205601ED088070062AECC /* YTAnimation.h */,
				4C6205611ED088070062AECC /* YTAnimation.m */,
				4C33629F1EB09154003D893D /* DataModel.h */,
				4C3362A01EB09154003D893D /* DataModel.m */,
				4CF063661EC0168E00E048C4 /* Template.h */,
				4CF063671EC0168E00E048C4 /* Template.m */,
			);
			name = Model;
			sourceTree = "<group>";
		};
		D01939B089868BC5C357AC78 /* Frameworks */ = {
			isa = PBXGroup;
			children = (
				BA67621067B2711B68F79E2E /* Pods.framework */,
			);
			name = Frameworks;
			sourceTree = "<group>";
		};
/* End PBXGroup section */

/* Begin PBXNativeTarget section */
		4C3176951EACDE600029C563 /* CallHoney */ = {
			isa = PBXNativeTarget;
			buildConfigurationList = 4C3176AD1EACDE610029C563 /* Build configuration list for PBXNativeTarget "CallHoney" */;
			buildPhases = (
				B9EF58307EE8B1CD222B9BFB /* Check Pods Manifest.lock */,
				4C3176921EACDE600029C563 /* Sources */,
				4C3176931EACDE600029C563 /* Frameworks */,
				4C3176941EACDE600029C563 /* Resources */,
				3FFA15E1404BECDEE1B64E9A /* Embed Pods Frameworks */,
				D1CA504E58FA43F22463757B /* Copy Pods Resources */,
			);
			buildRules = (
			);
			dependencies = (
			);
			name = CallHoney;
			productName = CallHoney;
			productReference = 4C3176961EACDE600029C563 /* CallHoney.app */;
			productType = "com.apple.product-type.application";
		};
/* End PBXNativeTarget section */

/* Begin PBXProject section */
		4C31768E1EACDE600029C563 /* Project object */ = {
			isa = PBXProject;
			attributes = {
				LastUpgradeCheck = 0820;
				ORGANIZATIONNAME = Michael;
				TargetAttributes = {
					4C3176951EACDE600029C563 = {
						CreatedOnToolsVersion = 8.2.1;
						DevelopmentTeam = JTVP4Z7968;
						ProvisioningStyle = Automatic;
					};
				};
			};
			buildConfigurationList = 4C3176911EACDE600029C563 /* Build configuration list for PBXProject "CallHoney" */;
			compatibilityVersion = "Xcode 3.2";
			developmentRegion = English;
			hasScannedForEncodings = 0;
			knownRegions = (
				en,
				Base,
			);
			mainGroup = 4C31768D1EACDE600029C563;
			productRefGroup = 4C3176971EACDE600029C563 /* Products */;
			projectDirPath = "";
			projectRoot = "";
			targets = (
				4C3176951EACDE600029C563 /* CallHoney */,
			);
		};
/* End PBXProject section */

/* Begin PBXResourcesBuildPhase section */
		4C3176941EACDE600029C563 /* Resources */ = {
			isa = PBXResourcesBuildPhase;
			buildActionMask = 2147483647;
			files = (
				4C3176A91EACDE610029C563 /* LaunchScreen.storyboard in Resources */,
				4C3176A61EACDE610029C563 /* Assets.xcassets in Resources */,
				4CF063751EC59F0E00E048C4 /* CollectionViewCell.xib in Resources */,
				4C3176A41EACDE610029C563 /* Main.storyboard in Resources */,
			);
			runOnlyForDeploymentPostprocessing = 0;
		};
/* End PBXResourcesBuildPhase section */

/* Begin PBXShellScriptBuildPhase section */
		3FFA15E1404BECDEE1B64E9A /* Embed Pods Frameworks */ = {
			isa = PBXShellScriptBuildPhase;
			buildActionMask = 2147483647;
			files = (
			);
			inputPaths = (
			);
			name = "Embed Pods Frameworks";
			outputPaths = (
			);
			runOnlyForDeploymentPostprocessing = 0;
			shellPath = /bin/sh;
			shellScript = "\"${SRCROOT}/Pods/Target Support Files/Pods/Pods-frameworks.sh\"\n";
			showEnvVarsInLog = 0;
		};
		B9EF58307EE8B1CD222B9BFB /* Check Pods Manifest.lock */ = {
			isa = PBXShellScriptBuildPhase;
			buildActionMask = 2147483647;
			files = (
			);
			inputPaths = (
			);
			name = "Check Pods Manifest.lock";
			outputPaths = (
			);
			runOnlyForDeploymentPostprocessing = 0;
			shellPath = /bin/sh;
			shellScript = "diff \"${PODS_ROOT}/../Podfile.lock\" \"${PODS_ROOT}/Manifest.lock\" > /dev/null\nif [[ $? != 0 ]] ; then\n    cat << EOM\nerror: The sandbox is not in sync with the Podfile.lock. Run 'pod install' or update your CocoaPods installation.\nEOM\n    exit 1\nfi\n";
			showEnvVarsInLog = 0;
		};
		D1CA504E58FA43F22463757B /* Copy Pods Resources */ = {
			isa = PBXShellScriptBuildPhase;
			buildActionMask = 2147483647;
			files = (
			);
			inputPaths = (
			);
			name = "Copy Pods Resources";
			outputPaths = (
			);
			runOnlyForDeploymentPostprocessing = 0;
			shellPath = /bin/sh;
			shellScript = "\"${SRCROOT}/Pods/Target Support Files/Pods/Pods-resources.sh\"\n";
			showEnvVarsInLog = 0;
		};
/* End PBXShellScriptBuildPhase section */

/* Begin PBXSourcesBuildPhase section */
		4C3176921EACDE600029C563 /* Sources */ = {
			isa = PBXSourcesBuildPhase;
			buildActionMask = 2147483647;
			files = (
				4C3176A11EACDE610029C563 /* ViewController.m in Sources */,
				4C31769E1EACDE610029C563 /* AppDelegate.m in Sources */,
				4C2E63F51EBB051800CCF1C9 /* KLGestureRecoginzer+ArchiveTemplates.m in Sources */,
				4C2E63F81EBB0AAF00CCF1C9 /* AddGestureView.m in Sources */,
				4C3176B61EADA3DC0029C563 /* KLGestureRecoginzer.m in Sources */,
				4C3176B21EADA2BB0029C563 /* GestureView.m in Sources */,
				4CF063741EC59F0E00E048C4 /* CollectionViewCell.m in Sources */,
				4C2E63F11EBAC51200CCF1C9 /* AddGestureViewController.m in Sources */,
				4CF063681EC0168E00E048C4 /* Template.m in Sources */,
				4CF0636D1EC1A8CF00E048C4 /* TemplatesViewController.m in Sources */,
				4C3362A11EB09154003D893D /* DataModel.m in Sources */,
				4C6205621ED088070062AECC /* YTAnimation.m in Sources */,
				4C31769B1EACDE610029C563 /* main.m in Sources */,
			);
			runOnlyForDeploymentPostprocessing = 0;
		};
/* End PBXSourcesBuildPhase section */

/* Begin PBXVariantGroup section */
		4C3176A21EACDE610029C563 /* Main.storyboard */ = {
			isa = PBXVariantGroup;
			children = (
				4C3176A31EACDE610029C563 /* Base */,
			);
			name = Main.storyboard;
			sourceTree = "<group>";
		};
		4C3176A71EACDE610029C563 /* LaunchScreen.storyboard */ = {
			isa = PBXVariantGroup;
			children = (
				4C3176A81EACDE610029C563 /* Base */,
			);
			name = LaunchScreen.storyboard;
			sourceTree = "<group>";
		};
/* End PBXVariantGroup section */

/* Begin XCBuildConfiguration section */
		4C3176AB1EACDE610029C563 /* Debug */ = {
			isa = XCBuildConfiguration;
			buildSettings = {
				ALWAYS_SEARCH_USER_PATHS = NO;
				CLANG_ANALYZER_NONNULL = YES;
				CLANG_CXX_LANGUAGE_STANDARD = "gnu++0x";
				CLANG_CXX_LIBRARY = "libc++";
				CLANG_ENABLE_MODULES = YES;
				CLANG_ENABLE_OBJC_ARC = YES;
				CLANG_WARN_BOOL_CONVERSION = YES;
				CLANG_WARN_CONSTANT_CONVERSION = YES;
				CLANG_WARN_DIRECT_OBJC_ISA_USAGE = YES_ERROR;
				CLANG_WARN_DOCUMENTATION_COMMENTS = YES;
				CLANG_WARN_EMPTY_BODY = YES;
				CLANG_WARN_ENUM_CONVERSION = YES;
				CLANG_WARN_INFINITE_RECURSION = YES;
				CLANG_WARN_INT_CONVERSION = YES;
				CLANG_WARN_OBJC_ROOT_CLASS = YES_ERROR;
				CLANG_WARN_SUSPICIOUS_MOVE = YES;
				CLANG_WARN_UNREACHABLE_CODE = YES;
				CLANG_WARN__DUPLICATE_METHOD_MATCH = YES;
				"CODE_SIGN_IDENTITY[sdk=iphoneos*]" = "iPhone Developer";
				COPY_PHASE_STRIP = NO;
				DEBUG_INFORMATION_FORMAT = dwarf;
				ENABLE_STRICT_OBJC_MSGSEND = YES;
				ENABLE_TESTABILITY = YES;
				GCC_C_LANGUAGE_STANDARD = gnu99;
				GCC_DYNAMIC_NO_PIC = NO;
				GCC_NO_COMMON_BLOCKS = YES;
				GCC_OPTIMIZATION_LEVEL = 0;
				GCC_PREPROCESSOR_DEFINITIONS = (
					"DEBUG=1",
					"$(inherited)",
				);
				GCC_WARN_64_TO_32_BIT_CONVERSION = YES;
				GCC_WARN_ABOUT_RETURN_TYPE = YES_ERROR;
				GCC_WARN_UNDECLARED_SELECTOR = YES;
				GCC_WARN_UNINITIALIZED_AUTOS = YES_AGGRESSIVE;
				GCC_WARN_UNUSED_FUNCTION = YES;
				GCC_WARN_UNUSED_VARIABLE = YES;
				IPHONEOS_DEPLOYMENT_TARGET = 10.2;
				MTL_ENABLE_DEBUG_INFO = YES;
				ONLY_ACTIVE_ARCH = YES;
				SDKROOT = iphoneos;
			};
			name = Debug;
		};
		4C3176AC1EACDE610029C563 /* Release */ = {
			isa = XCBuildConfiguration;
			buildSettings = {
				ALWAYS_SEARCH_USER_PATHS = NO;
				CLANG_ANALYZER_NONNULL = YES;
				CLANG_CXX_LANGUAGE_STANDARD = "gnu++0x";
				CLANG_CXX_LIBRARY = "libc++";
				CLANG_ENABLE_MODULES = YES;
				CLANG_ENABLE_OBJC_ARC = YES;
				CLANG_WARN_BOOL_CONVERSION = YES;
				CLANG_WARN_CONSTANT_CONVERSION = YES;
				CLANG_WARN_DIRECT_OBJC_ISA_USAGE = YES_ERROR;
				CLANG_WARN_DOCUMENTATION_COMMENTS = YES;
				CLANG_WARN_EMPTY_BODY = YES;
				CLANG_WARN_ENUM_CONVERSION = YES;
				CLANG_WARN_INFINITE_RECURSION = YES;
				CLANG_WARN_INT_CONVERSION = YES;
				CLANG_WARN_OBJC_ROOT_CLASS = YES_ERROR;
				CLANG_WARN_SUSPICIOUS_MOVE = YES;
				CLANG_WARN_UNREACHABLE_CODE = YES;
				CLANG_WARN__DUPLICATE_METHOD_MATCH = YES;
				"CODE_SIGN_IDENTITY[sdk=iphoneos*]" = "iPhone Developer";
				COPY_PHASE_STRIP = NO;
				DEBUG_INFORMATION_FORMAT = "dwarf-with-dsym";
				ENABLE_NS_ASSERTIONS = NO;
				ENABLE_STRICT_OBJC_MSGSEND = YES;
				GCC_C_LANGUAGE_STANDARD = gnu99;
				GCC_NO_COMMON_BLOCKS = YES;
				GCC_WARN_64_TO_32_BIT_CONVERSION = YES;
				GCC_WARN_ABOUT_RETURN_TYPE = YES_ERROR;
				GCC_WARN_UNDECLARED_SELECTOR = YES;
				GCC_WARN_UNINITIALIZED_AUTOS = YES_AGGRESSIVE;
				GCC_WARN_UNUSED_FUNCTION = YES;
				GCC_WARN_UNUSED_VARIABLE = YES;
				IPHONEOS_DEPLOYMENT_TARGET = 10.2;
				MTL_ENABLE_DEBUG_INFO = NO;
				SDKROOT = iphoneos;
				VALIDATE_PRODUCT = YES;
			};
			name = Release;
		};
		4C3176AE1EACDE610029C563 /* Debug */ = {
			isa = XCBuildConfiguration;
			baseConfigurationReference = 13BEA2E1A2A694C2561FB20D /* Pods.debug.xcconfig */;
			buildSettings = {
				ASSETCATALOG_COMPILER_APPICON_NAME = AppIcon;
				DEVELOPMENT_TEAM = JTVP4Z7968;
				INFOPLIST_FILE = CallHoney/Info.plist;
				LD_RUNPATH_SEARCH_PATHS = "$(inherited) @executable_path/Frameworks";
				PRODUCT_BUNDLE_IDENTIFIER = com.MichaelOpenSourceFactory.CallHoney;
				PRODUCT_NAME = "$(TARGET_NAME)";
			};
			name = Debug;
		};
		4C3176AF1EACDE610029C563 /* Release */ = {
			isa = XCBuildConfiguration;
			baseConfigurationReference = 23542580A18C753BE627058F /* Pods.release.xcconfig */;
			buildSettings = {
				ASSETCATALOG_COMPILER_APPICON_NAME = AppIcon;
				DEVELOPMENT_TEAM = JTVP4Z7968;
				INFOPLIST_FILE = CallHoney/Info.plist;
				LD_RUNPATH_SEARCH_PATHS = "$(inherited) @executable_path/Frameworks";
				PRODUCT_BUNDLE_IDENTIFIER = com.MichaelOpenSourceFactory.CallHoney;
				PRODUCT_NAME = "$(TARGET_NAME)";
			};
			name = Release;
		};
/* End XCBuildConfiguration section */

/* Begin XCConfigurationList section */
		4C3176911EACDE600029C563 /* Build configuration list for PBXProject "CallHoney" */ = {
			isa = XCConfigurationList;
			buildConfigurations = (
				4C3176AB1EACDE610029C563 /* Debug */,
				4C3176AC1EACDE610029C563 /* Release */,
			);
			defaultConfigurationIsVisible = 0;
			defaultConfigurationName = Release;
		};
		4C3176AD1EACDE610029C563 /* Build configuration list for PBXNativeTarget "CallHoney" */ = {
			isa = XCConfigurationList;
			buildConfigurations = (
				4C3176AE1EACDE610029C563 /* Debug */,
				4C3176AF1EACDE610029C563 /* Release */,
			);
			defaultConfigurationIsVisible = 0;
			defaultConfigurationName = Release;
		};
/* End XCConfigurationList section */
	};
	rootObject = 4C31768E1EACDE600029C563 /* Project object */;
}
